
Microsoft Visual Studio Solution File, Format Version 12.00
# Visual Studio 15
VisualStudioVersion = 15.0.28307.421
MinimumVisualStudioVersion = 10.0.40219.1
Project("{FAE04EC0-301F-11D3-BF4B-00C04F79EFBC}") = "Sokszogek", "Sokszogek\Sokszogek.csproj", "{C563339A-5BBE-492D-8137-5488A7A1CBC9}"
EndProject
Global
	GlobalSection(SolutionConfigurationPlatforms) = preSolution
		Debug|Any CPU = Debug|Any CPU
		Release|Any CPU = Release|Any CPU
	EndGlobalSection
	GlobalSection(ProjectConfigurationPlatforms) = postSolution
		{C563339A-5BBE-492D-8137-5488A7A1CBC9}.Debug|Any CPU.ActiveCfg = Debug|Any CPU
		{C563339A-5BBE-492D-8137-5488A7A1CBC9}.Debug|Any CPU.Build.0 = Debug|Any CPU
		{C563339A-5BBE-492D-8137-5488A7A1CBC9}.Release|Any CPU.ActiveCfg = Release|Any CPU
		{C563339A-5BBE-492D-8137-5488A7A1CBC9}.Release|Any CPU.Build.0 = Release|Any CPU
	EndGlobalSection
	GlobalSection(SolutionProperties) = preSolution
		HideSolutionNode = FALSE
	EndGlobalSection
	GlobalSection(ExtensibilityGlobals) = postSolution
		SolutionGuid = {6A148B4A-4A61-4C20-A1D5-A72060C9F78D}
	EndGlobalSection
EndGlobal
